// !$*UTF8*$!
{
	archiveVersion = 1;
	classes = {
	};
	objectVersion = 50;
	objects = {

/* Begin PBXBuildFile section */
		4D798C6521932EF900676E4D /* EscribeViewController.swift in Sources */ = {isa = PBXBuildFile; fileRef = 4D798C6421932EF900676E4D /* EscribeViewController.swift */; };
		4D798C6B21935E0600676E4D /* ViewControllerResultSelecciona.swift in Sources */ = {isa = PBXBuildFile; fileRef = 4D798C6A21935E0600676E4D /* ViewControllerResultSelecciona.swift */; };
		758DC20D218F714F007A50E6 /* AppDelegate.swift in Sources */ = {isa = PBXBuildFile; fileRef = 758DC20C218F714F007A50E6 /* AppDelegate.swift */; };
		758DC20F218F714F007A50E6 /* ViewController.swift in Sources */ = {isa = PBXBuildFile; fileRef = 758DC20E218F714F007A50E6 /* ViewController.swift */; };
		758DC212218F7150007A50E6 /* Main.storyboard in Resources */ = {isa = PBXBuildFile; fileRef = 758DC210218F7150007A50E6 /* Main.storyboard */; };
		758DC215218F7150007A50E6 /* FunGro.xcdatamodeld in Sources */ = {isa = PBXBuildFile; fileRef = 758DC213218F7150007A50E6 /* FunGro.xcdatamodeld */; };
		758DC217218F7151007A50E6 /* Assets.xcassets in Resources */ = {isa = PBXBuildFile; fileRef = 758DC216218F7151007A50E6 /* Assets.xcassets */; };
		758DC21A218F7151007A50E6 /* LaunchScreen.storyboard in Resources */ = {isa = PBXBuildFile; fileRef = 758DC218218F7151007A50E6 /* LaunchScreen.storyboard */; };
		758DC224218F77B0007A50E6 /* Juego.swift in Sources */ = {isa = PBXBuildFile; fileRef = 758DC223218F77B0007A50E6 /* Juego.swift */; };
		758DC226218F9E79007A50E6 /* ViewControllerResult.swift in Sources */ = {isa = PBXBuildFile; fileRef = 758DC225218F9E79007A50E6 /* ViewControllerResult.swift */; };
		75E0F66D219BBFDB00B536D7 /* gochi-hand in Resources */ = {isa = PBXBuildFile; fileRef = 75E0F66C219BBFDA00B536D7 /* gochi-hand */; };
		75E0F66F219BC00600B536D7 /* GochiHand-Regular.ttf in Resources */ = {isa = PBXBuildFile; fileRef = 75E0F66E219BC00600B536D7 /* GochiHand-Regular.ttf */; };
/* End PBXBuildFile section */

/* Begin PBXFileReference section */
		4D798C6421932EF900676E4D /* EscribeViewController.swift */ = {isa = PBXFileReference; lastKnownFileType = sourcecode.swift; path = EscribeViewController.swift; sourceTree = "<group>"; };
		4D798C6A21935E0600676E4D /* ViewControllerResultSelecciona.swift */ = {isa = PBXFileReference; lastKnownFileType = sourcecode.swift; path = ViewControllerResultSelecciona.swift; sourceTree = "<group>"; };
		758DC209218F714F007A50E6 /* FunGro.app */ = {isa = PBXFileReference; explicitFileType = wrapper.application; includeInIndex = 0; path = FunGro.app; sourceTree = BUILT_PRODUCTS_DIR; };
		758DC20C218F714F007A50E6 /* AppDelegate.swift */ = {isa = PBXFileReference; lastKnownFileType = sourcecode.swift; path = AppDelegate.swift; sourceTree = "<group>"; };
		758DC20E218F714F007A50E6 /* ViewController.swift */ = {isa = PBXFileReference; lastKnownFileType = sourcecode.swift; path = ViewController.swift; sourceTree = "<group>"; };
		758DC211218F7150007A50E6 /* Base */ = {isa = PBXFileReference; lastKnownFileType = file.storyboard; name = Base; path = Base.lproj/Main.storyboard; sourceTree = "<group>"; };
		758DC214218F7150007A50E6 /* FunGro.xcdatamodel */ = {isa = PBXFileReference; lastKnownFileType = wrapper.xcdatamodel; path = FunGro.xcdatamodel; sourceTree = "<group>"; };
		758DC216218F7151007A50E6 /* Assets.xcassets */ = {isa = PBXFileReference; lastKnownFileType = folder.assetcatalog; path = Assets.xcassets; sourceTree = "<group>"; };
		758DC219218F7151007A50E6 /* Base */ = {isa = PBXFileReference; lastKnownFileType = file.storyboard; name = Base; path = Base.lproj/LaunchScreen.storyboard; sourceTree = "<group>"; };
		758DC21B218F7151007A50E6 /* Info.plist */ = {isa = PBXFileReference; lastKnownFileType = text.plist.xml; path = Info.plist; sourceTree = "<group>"; };
		758DC223218F77B0007A50E6 /* Juego.swift */ = {isa = PBXFileReference; lastKnownFileType = sourcecode.swift; path = Juego.swift; sourceTree = "<group>"; };
		758DC225218F9E79007A50E6 /* ViewControllerResult.swift */ = {isa = PBXFileReference; lastKnownFileType = sourcecode.swift; path = ViewControllerResult.swift; sourceTree = "<group>"; };
		75E0F66C219BBFDA00B536D7 /* gochi-hand */ = {isa = PBXFileReference; lastKnownFileType = folder; path = "gochi-hand"; sourceTree = "<group>"; };
		75E0F66E219BC00600B536D7 /* GochiHand-Regular.ttf */ = {isa = PBXFileReference; lastKnownFileType = file; path = "GochiHand-Regular.ttf"; sourceTree = "<group>"; };
/* End PBXFileReference section */

/* Begin PBXFrameworksBuildPhase section */
		758DC206218F714F007A50E6 /* Frameworks */ = {
			isa = PBXFrameworksBuildPhase;
			buildActionMask = 2147483647;
			files = (
			);
			runOnlyForDeploymentPostprocessing = 0;
		};
/* End PBXFrameworksBuildPhase section */

/* Begin PBXGroup section */
		758DC200218F714F007A50E6 = {
			isa = PBXGroup;
			children = (
				75E0F66E219BC00600B536D7 /* GochiHand-Regular.ttf */,
				758DC20B218F714F007A50E6 /* FunGro */,
				758DC20A218F714F007A50E6 /* Products */,
			);
			sourceTree = "<group>";
		};
		758DC20A218F714F007A50E6 /* Products */ = {
			isa = PBXGroup;
			children = (
				758DC209218F714F007A50E6 /* FunGro.app */,
			);
			name = Products;
			sourceTree = "<group>";
		};
		758DC20B218F714F007A50E6 /* FunGro */ = {
			isa = PBXGroup;
			children = (
				758DC20C218F714F007A50E6 /* AppDelegate.swift */,
				758DC20E218F714F007A50E6 /* ViewController.swift */,
				758DC210218F7150007A50E6 /* Main.storyboard */,
				4D798C6421932EF900676E4D /* EscribeViewController.swift */,
				758DC225218F9E79007A50E6 /* ViewControllerResult.swift */,
				758DC223218F77B0007A50E6 /* Juego.swift */,
				758DC216218F7151007A50E6 /* Assets.xcassets */,
				758DC218218F7151007A50E6 /* LaunchScreen.storyboard */,
				758DC21B218F7151007A50E6 /* Info.plist */,
				758DC213218F7150007A50E6 /* FunGro.xcdatamodeld */,
				4D798C6A21935E0600676E4D /* ViewControllerResultSelecciona.swift */,
				75E0F66C219BBFDA00B536D7 /* gochi-hand */,
			);
			path = FunGro;
			sourceTree = "<group>";
		};
/* End PBXGroup section */

/* Begin PBXNativeTarget section */
		758DC208218F714F007A50E6 /* FunGro */ = {
			isa = PBXNativeTarget;
			buildConfigurationList = 758DC21E218F7151007A50E6 /* Build configuration list for PBXNativeTarget "FunGro" */;
			buildPhases = (
				758DC205218F714F007A50E6 /* Sources */,
				758DC206218F714F007A50E6 /* Frameworks */,
				758DC207218F714F007A50E6 /* Resources */,
			);
			buildRules = (
			);
			dependencies = (
			);
			name = FunGro;
			productName = FunGro;
			productReference = 758DC209218F714F007A50E6 /* FunGro.app */;
			productType = "com.apple.product-type.application";
		};
/* End PBXNativeTarget section */

/* Begin PBXProject section */
		758DC201218F714F007A50E6 /* Project object */ = {
			isa = PBXProject;
			attributes = {
				LastSwiftUpdateCheck = 1010;
				LastUpgradeCheck = 1010;
				ORGANIZATIONNAME = "Lorraine Bichara Assad";
				TargetAttributes = {
					758DC208218F714F007A50E6 = {
						CreatedOnToolsVersion = 10.1;
					};
				};
			};
			buildConfigurationList = 758DC204218F714F007A50E6 /* Build configuration list for PBXProject "FunGro" */;
			compatibilityVersion = "Xcode 9.3";
			developmentRegion = en;
			hasScannedForEncodings = 0;
			knownRegions = (
				en,
				Base,
			);
			mainGroup = 758DC200218F714F007A50E6;
			productRefGroup = 758DC20A218F714F007A50E6 /* Products */;
			projectDirPath = "";
			projectRoot = "";
			targets = (
				758DC208218F714F007A50E6 /* FunGro */,
			);
		};
/* End PBXProject section */

/* Begin PBXResourcesBuildPhase section */
		758DC207218F714F007A50E6 /* Resources */ = {
			isa = PBXResourcesBuildPhase;
			buildActionMask = 2147483647;
			files = (
				75E0F66D219BBFDB00B536D7 /* gochi-hand in Resources */,
				758DC21A218F7151007A50E6 /* LaunchScreen.storyboard in Resources */,
				758DC217218F7151007A50E6 /* Assets.xcassets in Resources */,
				758DC212218F7150007A50E6 /* Main.storyboard in Resources */,
				75E0F66F219BC00600B536D7 /* GochiHand-Regular.ttf in Resources */,
			);
			runOnlyForDeploymentPostprocessing = 0;
		};
/* End PBXResourcesBuildPhase section */

/* Begin PBXSourcesBuildPhase section */
		758DC205218F714F007A50E6 /* Sources */ = {
			isa = PBXSourcesBuildPhase;
			buildActionMask = 2147483647;
			files = (
				4D798C6B21935E0600676E4D /* ViewControllerResultSelecciona.swift in Sources */,
				758DC224218F77B0007A50E6 /* Juego.swift in Sources */,
				758DC215218F7150007A50E6 /* FunGro.xcdatamodeld in Sources */,
				758DC20F218F714F007A50E6 /* ViewController.swift in Sources */,
				758DC226218F9E79007A50E6 /* ViewControllerResult.swift in Sources */,
				4D798C6521932EF900676E4D /* EscribeViewController.swift in Sources */,
				758DC20D218F714F007A50E6 /* AppDelegate.swift in Sources */,
			);
			runOnlyForDeploymentPostprocessing = 0;
		};
/* End PBXSourcesBuildPhase section */

/* Begin PBXVariantGroup section */
		758DC210218F7150007A50E6 /* Main.storyboard */ = {
			isa = PBXVariantGroup;
			children = (
				758DC211218F7150007A50E6 /* Base */,
			);
			name = Main.storyboard;
			sourceTree = "<group>";
		};
		758DC218218F7151007A50E6 /* LaunchScreen.storyboard */ = {
			isa = PBXVariantGroup;
			children = (
				758DC219218F7151007A50E6 /* Base */,
			);
			name = LaunchScreen.storyboard;
			sourceTree = "<group>";
		};
/* End PBXVariantGroup section */

/* Begin XCBuildConfiguration section */
		758DC21C218F7151007A50E6 /* Debug */ = {
			isa = XCBuildConfiguration;
			buildSettings = {
				ALWAYS_SEARCH_USER_PATHS = NO;
				CLANG_ANALYZER_NONNULL = YES;
				CLANG_ANALYZER_NUMBER_OBJECT_CONVERSION = YES_AGGRESSIVE;
				CLANG_CXX_LANGUAGE_STANDARD = "gnu++14";
				CLANG_CXX_LIBRARY = "libc++";
				CLANG_ENABLE_MODULES = YES;
				CLANG_ENABLE_OBJC_ARC = YES;
				CLANG_ENABLE_OBJC_WEAK = YES;
				CLANG_WARN_BLOCK_CAPTURE_AUTORELEASING = YES;
				CLANG_WARN_BOOL_CONVERSION = YES;
				CLANG_WARN_COMMA = YES;
				CLANG_WARN_CONSTANT_CONVERSION = YES;
				CLANG_WARN_DEPRECATED_OBJC_IMPLEMENTATIONS = YES;
				CLANG_WARN_DIRECT_OBJC_ISA_USAGE = YES_ERROR;
				CLANG_WARN_DOCUMENTATION_COMMENTS = YES;
				CLANG_WARN_EMPTY_BODY = YES;
				CLANG_WARN_ENUM_CONVERSION = YES;
				CLANG_WARN_INFINITE_RECURSION = YES;
				CLANG_WARN_INT_CONVERSION = YES;
				CLANG_WARN_NON_LITERAL_NULL_CONVERSION = YES;
				CLANG_WARN_OBJC_IMPLICIT_RETAIN_SELF = YES;
				CLANG_WARN_OBJC_LITERAL_CONVERSION = YES;
				CLANG_WARN_OBJC_ROOT_CLASS = YES_ERROR;
				CLANG_WARN_RANGE_LOOP_ANALYSIS = YES;
				CLANG_WARN_STRICT_PROTOTYPES = YES;
				CLANG_WARN_SUSPICIOUS_MOVE = YES;
				CLANG_WARN_UNGUARDED_AVAILABILITY = YES_AGGRESSIVE;
				CLANG_WARN_UNREACHABLE_CODE = YES;
				CLANG_WARN__DUPLICATE_METHOD_MATCH = YES;
				CODE_SIGN_IDENTITY = "iPhone Developer";
				COPY_PHASE_STRIP = NO;
				DEBUG_INFORMATION_FORMAT = dwarf;
				ENABLE_STRICT_OBJC_MSGSEND = YES;
				ENABLE_TESTABILITY = YES;
				GCC_C_LANGUAGE_STANDARD = gnu11;
				GCC_DYNAMIC_NO_PIC = NO;
				GCC_NO_COMMON_BLOCKS = YES;
				GCC_OPTIMIZATION_LEVEL = 0;
				GCC_PREPROCESSOR_DEFINITIONS = (
					"DEBUG=1",
					"$(inherited)",
				);
				GCC_WARN_64_TO_32_BIT_CONVERSION = YES;
				GCC_WARN_ABOUT_RETURN_TYPE = YES_ERROR;
				GCC_WARN_UNDECLARED_SELECTOR = YES;
				GCC_WARN_UNINITIALIZED_AUTOS = YES_AGGRESSIVE;
				GCC_WARN_UNUSED_FUNCTION = YES;
				GCC_WARN_UNUSED_VARIABLE = YES;
				IPHONEOS_DEPLOYMENT_TARGET = 12.1;
				MTL_ENABLE_DEBUG_INFO = INCLUDE_SOURCE;
				MTL_FAST_MATH = YES;
				ONLY_ACTIVE_ARCH = YES;
				SDKROOT = iphoneos;
				SWIFT_ACTIVE_COMPILATION_CONDITIONS = DEBUG;
				SWIFT_OPTIMIZATION_LEVEL = "-Onone";
			};
			name = Debug;
		};
		758DC21D218F7151007A50E6 /* Release */ = {
			isa = XCBuildConfiguration;
			buildSettings = {
				ALWAYS_SEARCH_USER_PATHS = NO;
				CLANG_ANALYZER_NONNULL = YES;
				CLANG_ANALYZER_NUMBER_OBJECT_CONVERSION = YES_AGGRESSIVE;
				CLANG_CXX_LANGUAGE_STANDARD = "gnu++14";
				CLANG_CXX_LIBRARY = "libc++";
				CLANG_ENABLE_MODULES = YES;
				CLANG_ENABLE_OBJC_ARC = YES;
				CLANG_ENABLE_OBJC_WEAK = YES;
				CLANG_WARN_BLOCK_CAPTURE_AUTORELEASING = YES;
				CLANG_WARN_BOOL_CONVERSION = YES;
				CLANG_WARN_COMMA = YES;
				CLANG_WARN_CONSTANT_CONVERSION = YES;
				CLANG_WARN_DEPRECATED_OBJC_IMPLEMENTATIONS = YES;
				CLANG_WARN_DIRECT_OBJC_ISA_USAGE = YES_ERROR;
				CLANG_WARN_DOCUMENTATION_COMMENTS = YES;
				CLANG_WARN_EMPTY_BODY = YES;
				CLANG_WARN_ENUM_CONVERSION = YES;
				CLANG_WARN_INFINITE_RECURSION = YES;
				CLANG_WARN_INT_CONVERSION = YES;
				CLANG_WARN_NON_LITERAL_NULL_CONVERSION = YES;
				CLANG_WARN_OBJC_IMPLICIT_RETAIN_SELF = YES;
				CLANG_WARN_OBJC_LITERAL_CONVERSION = YES;
				CLANG_WARN_OBJC_ROOT_CLASS = YES_ERROR;
				CLANG_WARN_RANGE_LOOP_ANALYSIS = YES;
				CLANG_WARN_STRICT_PROTOTYPES = YES;
				CLANG_WARN_SUSPICIOUS_MOVE = YES;
				CLANG_WARN_UNGUARDED_AVAILABILITY = YES_AGGRESSIVE;
				CLANG_WARN_UNREACHABLE_CODE = YES;
				CLANG_WARN__DUPLICATE_METHOD_MATCH = YES;
				CODE_SIGN_IDENTITY = "iPhone Developer";
				COPY_PHASE_STRIP = NO;
				DEBUG_INFORMATION_FORMAT = "dwarf-with-dsym";
				ENABLE_NS_ASSERTIONS = NO;
				ENABLE_STRICT_OBJC_MSGSEND = YES;
				GCC_C_LANGUAGE_STANDARD = gnu11;
				GCC_NO_COMMON_BLOCKS = YES;
				GCC_WARN_64_TO_32_BIT_CONVERSION = YES;
				GCC_WARN_ABOUT_RETURN_TYPE = YES_ERROR;
				GCC_WARN_UNDECLARED_SELECTOR = YES;
				GCC_WARN_UNINITIALIZED_AUTOS = YES_AGGRESSIVE;
				GCC_WARN_UNUSED_FUNCTION = YES;
				GCC_WARN_UNUSED_VARIABLE = YES;
				IPHONEOS_DEPLOYMENT_TARGET = 12.1;
				MTL_ENABLE_DEBUG_INFO = NO;
				MTL_FAST_MATH = YES;
				SDKROOT = iphoneos;
				SWIFT_COMPILATION_MODE = wholemodule;
				SWIFT_OPTIMIZATION_LEVEL = "-O";
				VALIDATE_PRODUCT = YES;
			};
			name = Release;
		};
		758DC21F218F7151007A50E6 /* Debug */ = {
			isa = XCBuildConfiguration;
			buildSettings = {
				ASSETCATALOG_COMPILER_APPICON_NAME = AppIcon;
				CODE_SIGN_STYLE = Automatic;
				DEVELOPMENT_TEAM = 34E55V7PHJ;
				INFOPLIST_FILE = FunGro/Info.plist;
				IPHONEOS_DEPLOYMENT_TARGET = 11.2;
				LD_RUNPATH_SEARCH_PATHS = (
					"$(inherited)",
					"@executable_path/Frameworks",
				);
				PRODUCT_BUNDLE_IDENTIFIER = lorbichara.FunGro.stv;
				PRODUCT_NAME = "$(TARGET_NAME)";
				SWIFT_VERSION = 4.2;
				TARGETED_DEVICE_FAMILY = "1,2";
			};
			name = Debug;
		};
		758DC220218F7151007A50E6 /* Release */ = {
			isa = XCBuildConfiguration;
			buildSettings = {
				ASSETCATALOG_COMPILER_APPICON_NAME = AppIcon;
				CODE_SIGN_STYLE = Automatic;
				DEVELOPMENT_TEAM = 34E55V7PHJ;
				INFOPLIST_FILE = FunGro/Info.plist;
				IPHONEOS_DEPLOYMENT_TARGET = 11.2;
				LD_RUNPATH_SEARCH_PATHS = (
					"$(inherited)",
					"@executable_path/Frameworks",
				);
				PRODUCT_BUNDLE_IDENTIFIER = lorbichara.FunGro.stv;
				PRODUCT_NAME = "$(TARGET_NAME)";
				SWIFT_VERSION = 4.2;
				TARGETED_DEVICE_FAMILY = "1,2";
			};
			name = Release;
		};
/* End XCBuildConfiguration section */

/* Begin XCConfigurationList section */
		758DC204218F714F007A50E6 /* Build configuration list for PBXProject "FunGro" */ = {
			isa = XCConfigurationList;
			buildConfigurations = (
				758DC21C218F7151007A50E6 /* Debug */,
				758DC21D218F7151007A50E6 /* Release */,
			);
			defaultConfigurationIsVisible = 0;
			defaultConfigurationName = Release;
		};
		758DC21E218F7151007A50E6 /* Build configuration list for PBXNativeTarget "FunGro" */ = {
			isa = XCConfigurationList;
			buildConfigurations = (
				758DC21F218F7151007A50E6 /* Debug */,
				758DC220218F7151007A50E6 /* Release */,
			);
			defaultConfigurationIsVisible = 0;
			defaultConfigurationName = Release;
		};
/* End XCConfigurationList section */

/* Begin XCVersionGroup section */
		758DC213218F7150007A50E6 /* FunGro.xcdatamodeld */ = {
			isa = XCVersionGroup;
			children = (
				758DC214218F7150007A50E6 /* FunGro.xcdatamodel */,
			);
			currentVersion = 758DC214218F7150007A50E6 /* FunGro.xcdatamodel */;
			path = FunGro.xcdatamodeld;
			sourceTree = "<group>";
			versionGroupType = wrapper.xcdatamodel;
		};
/* End XCVersionGroup section */
	};
	rootObject = 758DC201218F714F007A50E6 /* Project object */;
}
